
Microsoft Visual Studio Solution File, Format Version 12.00
# Visual Studio Version 16
VisualStudioVersion = 16.0.31424.327
MinimumVisualStudioVersion = 10.0.40219.1
Project("{FAE04EC0-301F-11D3-BF4B-00C04F79EFBC}") = "EatTogether", "EatTogether\EatTogether.csproj", "{8BA7D419-B345-4B83-8CE0-9515C6E35CD9}"
EndProject
Global
	GlobalSection(SolutionConfigurationPlatforms) = preSolution
		Debug|Any CPU = Debug|Any CPU
		Release|Any CPU = Release|Any CPU
	EndGlobalSection
	GlobalSection(ProjectConfigurationPlatforms) = postSolution
		{8BA7D419-B345-4B83-8CE0-9515C6E35CD9}.Debug|Any CPU.ActiveCfg = Debug|Any CPU
		{8BA7D419-B345-4B83-8CE0-9515C6E35CD9}.Debug|Any CPU.Build.0 = Debug|Any CPU
		{8BA7D419-B345-4B83-8CE0-9515C6E35CD9}.Release|Any CPU.ActiveCfg = Release|Any CPU
		{8BA7D419-B345-4B83-8CE0-9515C6E35CD9}.Release|Any CPU.Build.0 = Release|Any CPU
	EndGlobalSection
	GlobalSection(SolutionProperties) = preSolution
		HideSolutionNode = FALSE
	EndGlobalSection
	GlobalSection(ExtensibilityGlobals) = postSolution
		SolutionGuid = {A238E30F-FD52-4B35-B23E-AFB0E04242E7}
	EndGlobalSection
EndGlobal
